
Microsoft Visual Studio Solution File, Format Version 12.00
# Visual Studio 15
VisualStudioVersion = 15.0.28307.106
MinimumVisualStudioVersion = 10.0.40219.1
Project("{FAE04EC0-301F-11D3-BF4B-00C04F79EFBC}") = "AdventOfCode2018", "AdventOfCode2018\AdventOfCode2018.csproj", "{D9AA613F-7B9E-4940-91CB-83F1615FE0F6}"
EndProject
Project("{FAE04EC0-301F-11D3-BF4B-00C04F79EFBC}") = "AdventOfCode2018.Tests", "AdventOfCode2018.Tests\AdventOfCode2018.Tests.csproj", "{C6E46FEC-80B5-4FE8-A868-4432CA23E49E}"
EndProject
Global
	GlobalSection(SolutionConfigurationPlatforms) = preSolution
		Debug|Any CPU = Debug|Any CPU
		Release|Any CPU = Release|Any CPU
	EndGlobalSection
	GlobalSection(ProjectConfigurationPlatforms) = postSolution
		{D9AA613F-7B9E-4940-91CB-83F1615FE0F6}.Debug|Any CPU.ActiveCfg = Debug|Any CPU
		{D9AA613F-7B9E-4940-91CB-83F1615FE0F6}.Debug|Any CPU.Build.0 = Debug|Any CPU
		{D9AA613F-7B9E-4940-91CB-83F1615FE0F6}.Release|Any CPU.ActiveCfg = Release|Any CPU
		{D9AA613F-7B9E-4940-91CB-83F1615FE0F6}.Release|Any CPU.Build.0 = Release|Any CPU
		{C6E46FEC-80B5-4FE8-A868-4432CA23E49E}.Debug|Any CPU.ActiveCfg = Debug|Any CPU
		{C6E46FEC-80B5-4FE8-A868-4432CA23E49E}.Debug|Any CPU.Build.0 = Debug|Any CPU
		{C6E46FEC-80B5-4FE8-A868-4432CA23E49E}.Release|Any CPU.ActiveCfg = Release|Any CPU
		{C6E46FEC-80B5-4FE8-A868-4432CA23E49E}.Release|Any CPU.Build.0 = Release|Any CPU
	EndGlobalSection
	GlobalSection(SolutionProperties) = preSolution
		HideSolutionNode = FALSE
	EndGlobalSection
	GlobalSection(ExtensibilityGlobals) = postSolution
		SolutionGuid = {C619223F-8670-493E-B4D4-887FEFB2F34D}
	EndGlobalSection
EndGlobal
